
Microsoft Visual Studio Solution File, Format Version 12.00
# Visual Studio Version 16
VisualStudioVersion = 16.0.30104.148
MinimumVisualStudioVersion = 15.0.26124.0
Project("{2150E333-8FDC-42A3-9474-1A3956D46DE8}") = "Solution Items", "Solution Items", "{839F7BDA-2E4D-444F-95A1-E88619E277F0}"
	ProjectSection(SolutionItems) = preProject
		.editorconfig = .editorconfig
		.gitignore = .gitignore
		.github\workflows\ci.yml = .github\workflows\ci.yml
		test\Directory.Build.props = test\Directory.Build.props
		src\Directory.Build.props = src\Directory.Build.props
		LICENSE.txt = LICENSE.txt
		README.md = README.md
		.github\workflows\release.yml = .github\workflows\release.yml
	EndProjectSection
EndProject
Project("{9A19103F-16F7-4668-BE54-9A1E7A4F7556}") = "SequentialGuid", "src\SequentialGuid\SequentialGuid.csproj", "{7DB5AB6A-B5A5-416F-A39B-A78EFA9B2D83}"
EndProject
Project("{9A19103F-16F7-4668-BE54-9A1E7A4F7556}") = "SequentialGuid.Tests", "test\SequentialGuid.Tests\SequentialGuid.Tests.csproj", "{72B9955B-FCCF-4E2A-ACDA-32D670E5A5AC}"
EndProject
Project("{9A19103F-16F7-4668-BE54-9A1E7A4F7556}") = "SequentialGuid.MongoDB", "src\SequentialGuid.MongoDB\SequentialGuid.MongoDB.csproj", "{8A254892-EDB0-4718-84D2-23886EAA5D3D}"
EndProject
Project("{9A19103F-16F7-4668-BE54-9A1E7A4F7556}") = "SequentialGuid.NodaTime", "src\SequentialGuid.NodaTime\SequentialGuid.NodaTime.csproj", "{2A329917-6C2F-496D-A0B2-322CEE9389A9}"
EndProject
Project("{9A19103F-16F7-4668-BE54-9A1E7A4F7556}") = "SequentialGuid.NodaTime.Tests", "test\SequentialGuid.NodaTime.Tests\SequentialGuid.NodaTime.Tests.csproj", "{1B937928-6BC4-4E95-9122-10C43C365DAE}"
EndProject
Project("{9A19103F-16F7-4668-BE54-9A1E7A4F7556}") = "SequentialGuid.MongoDB.Tests", "test\SequentialGuid.MongoDB.Tests\SequentialGuid.MongoDB.Tests.csproj", "{68CE6E6A-879C-4B8D-89FF-F4B1EA15E8B8}"
EndProject
Global
	GlobalSection(SolutionConfigurationPlatforms) = preSolution
		Debug|Any CPU = Debug|Any CPU
		Release|Any CPU = Release|Any CPU
	EndGlobalSection
	GlobalSection(ProjectConfigurationPlatforms) = postSolution
		{7DB5AB6A-B5A5-416F-A39B-A78EFA9B2D83}.Debug|Any CPU.ActiveCfg = Debug|Any CPU
		{7DB5AB6A-B5A5-416F-A39B-A78EFA9B2D83}.Debug|Any CPU.Build.0 = Debug|Any CPU
		{7DB5AB6A-B5A5-416F-A39B-A78EFA9B2D83}.Release|Any CPU.ActiveCfg = Release|Any CPU
		{7DB5AB6A-B5A5-416F-A39B-A78EFA9B2D83}.Release|Any CPU.Build.0 = Release|Any CPU
		{72B9955B-FCCF-4E2A-ACDA-32D670E5A5AC}.Debug|Any CPU.ActiveCfg = Debug|Any CPU
		{72B9955B-FCCF-4E2A-ACDA-32D670E5A5AC}.Debug|Any CPU.Build.0 = Debug|Any CPU
		{72B9955B-FCCF-4E2A-ACDA-32D670E5A5AC}.Release|Any CPU.ActiveCfg = Release|Any CPU
		{8A254892-EDB0-4718-84D2-23886EAA5D3D}.Debug|Any CPU.ActiveCfg = Debug|Any CPU
		{8A254892-EDB0-4718-84D2-23886EAA5D3D}.Debug|Any CPU.Build.0 = Debug|Any CPU
		{8A254892-EDB0-4718-84D2-23886EAA5D3D}.Release|Any CPU.ActiveCfg = Release|Any CPU
		{8A254892-EDB0-4718-84D2-23886EAA5D3D}.Release|Any CPU.Build.0 = Release|Any CPU
		{2A329917-6C2F-496D-A0B2-322CEE9389A9}.Debug|Any CPU.ActiveCfg = Debug|Any CPU
		{2A329917-6C2F-496D-A0B2-322CEE9389A9}.Debug|Any CPU.Build.0 = Debug|Any CPU
		{2A329917-6C2F-496D-A0B2-322CEE9389A9}.Release|Any CPU.ActiveCfg = Release|Any CPU
		{2A329917-6C2F-496D-A0B2-322CEE9389A9}.Release|Any CPU.Build.0 = Release|Any CPU
		{1B937928-6BC4-4E95-9122-10C43C365DAE}.Debug|Any CPU.ActiveCfg = Debug|Any CPU
		{1B937928-6BC4-4E95-9122-10C43C365DAE}.Debug|Any CPU.Build.0 = Debug|Any CPU
		{1B937928-6BC4-4E95-9122-10C43C365DAE}.Release|Any CPU.ActiveCfg = Release|Any CPU
		{1B937928-6BC4-4E95-9122-10C43C365DAE}.Release|Any CPU.Build.0 = Release|Any CPU
		{68CE6E6A-879C-4B8D-89FF-F4B1EA15E8B8}.Debug|Any CPU.ActiveCfg = Debug|Any CPU
		{68CE6E6A-879C-4B8D-89FF-F4B1EA15E8B8}.Debug|Any CPU.Build.0 = Debug|Any CPU
		{68CE6E6A-879C-4B8D-89FF-F4B1EA15E8B8}.Release|Any CPU.ActiveCfg = Release|Any CPU
		{68CE6E6A-879C-4B8D-89FF-F4B1EA15E8B8}.Release|Any CPU.Build.0 = Release|Any CPU
	EndGlobalSection
	GlobalSection(SolutionProperties) = preSolution
		HideSolutionNode = FALSE
	EndGlobalSection
	GlobalSection(ExtensibilityGlobals) = postSolution
		SolutionGuid = {1D6765EC-7104-460B-90CE-01EA64397E6B}
	EndGlobalSection
EndGlobal
