
Microsoft Visual Studio Solution File, Format Version 12.00
# Visual Studio 2013
VisualStudioVersion = 12.0.30110.0
MinimumVisualStudioVersion = 10.0.40219.1
Project("{FAE04EC0-301F-11D3-BF4B-00C04F79EFBC}") = "SequentialGuid.Tests", "SequentialGuid.Tests\SequentialGuid.Tests.csproj", "{3D7B8388-C642-4D5F-BEF1-1BA091A7D22C}"
EndProject
Project("{FAE04EC0-301F-11D3-BF4B-00C04F79EFBC}") = "SequentialGuid_net45", "SequentialGuid_net45\SequentialGuid_net45.csproj", "{BBD9D5C6-9C6D-477C-A97E-EBFBA195375E}"
EndProject
Project("{FAE04EC0-301F-11D3-BF4B-00C04F79EFBC}") = "SequentialGuid_net40", "SequentialGuid_net40\SequentialGuid_net40.csproj", "{810F8808-7B26-472A-938D-BCF5F19ED8A1}"
EndProject
Project("{FAE04EC0-301F-11D3-BF4B-00C04F79EFBC}") = "SequentialGuid", "SequentialGuid\SequentialGuid.csproj", "{EEEAB15B-B8B3-4994-9040-2E37354FDE57}"
EndProject
Global
	GlobalSection(SolutionConfigurationPlatforms) = preSolution
		Debug|Any CPU = Debug|Any CPU
		Release|Any CPU = Release|Any CPU
	EndGlobalSection
	GlobalSection(ProjectConfigurationPlatforms) = postSolution
		{3D7B8388-C642-4D5F-BEF1-1BA091A7D22C}.Debug|Any CPU.ActiveCfg = Debug|Any CPU
		{3D7B8388-C642-4D5F-BEF1-1BA091A7D22C}.Debug|Any CPU.Build.0 = Debug|Any CPU
		{3D7B8388-C642-4D5F-BEF1-1BA091A7D22C}.Release|Any CPU.ActiveCfg = Release|Any CPU
		{3D7B8388-C642-4D5F-BEF1-1BA091A7D22C}.Release|Any CPU.Build.0 = Release|Any CPU
		{BBD9D5C6-9C6D-477C-A97E-EBFBA195375E}.Debug|Any CPU.ActiveCfg = Debug|Any CPU
		{BBD9D5C6-9C6D-477C-A97E-EBFBA195375E}.Debug|Any CPU.Build.0 = Debug|Any CPU
		{BBD9D5C6-9C6D-477C-A97E-EBFBA195375E}.Release|Any CPU.ActiveCfg = Release|Any CPU
		{BBD9D5C6-9C6D-477C-A97E-EBFBA195375E}.Release|Any CPU.Build.0 = Release|Any CPU
		{810F8808-7B26-472A-938D-BCF5F19ED8A1}.Debug|Any CPU.ActiveCfg = Debug|Any CPU
		{810F8808-7B26-472A-938D-BCF5F19ED8A1}.Debug|Any CPU.Build.0 = Debug|Any CPU
		{810F8808-7B26-472A-938D-BCF5F19ED8A1}.Release|Any CPU.ActiveCfg = Release|Any CPU
		{810F8808-7B26-472A-938D-BCF5F19ED8A1}.Release|Any CPU.Build.0 = Release|Any CPU
		{EEEAB15B-B8B3-4994-9040-2E37354FDE57}.Debug|Any CPU.ActiveCfg = Debug|Any CPU
		{EEEAB15B-B8B3-4994-9040-2E37354FDE57}.Debug|Any CPU.Build.0 = Debug|Any CPU
		{EEEAB15B-B8B3-4994-9040-2E37354FDE57}.Release|Any CPU.ActiveCfg = Release|Any CPU
		{EEEAB15B-B8B3-4994-9040-2E37354FDE57}.Release|Any CPU.Build.0 = Release|Any CPU
	EndGlobalSection
	GlobalSection(SolutionProperties) = preSolution
		HideSolutionNode = FALSE
	EndGlobalSection
EndGlobal
